{
  "nodes": {
    "nixpkgs": {
      "locked": {
        "lastModified": 1702830618,
        "narHash": "sha256-lvhwIvRwhOLgzbRuYkqHy4M5cQHYs4ktL6/hyuBS6II=",
        "owner": "nixos",
        "repo": "nixpkgs",
        "rev": "91a00709aebb3602f172a0bf47ba1ef013e34835",
        "type": "github"
      },
      "original": {
        "owner": "nixos",
        "ref": "nixos-unstable",
        "repo": "nixpkgs",
        "type": "github"
      }
    },
    "root": {
      "inputs": {
        "nixpkgs": "nixpkgs",
        "ruff_0_1_5": "ruff_0_1_5",
        "ruff_287": "ruff_287"
      }
    },
    "ruff_0_1_5": {
      "locked": {
        "lastModified": 1699513481,
        "narHash": "sha256-WeEJXGfXMV4R3O0/zkh2pArElEQjPm6chB1pm0ZD4c0=",
        "owner": "nixos",
        "repo": "nixpkgs",
        "rev": "aa1d7f6320c32010a990ba6c78fcb24cf9e99270",
        "type": "github"
      },
      "original": {
        "owner": "nixos",
        "repo": "nixpkgs",
        "rev": "aa1d7f6320c32010a990ba6c78fcb24cf9e99270",
        "type": "github"
      }
    },
    "ruff_287": {
      "locked": {
        "lastModified": 1693821423,
        "narHash": "sha256-6Tg5wPUh0HQUJAQ7Yun1X+8K4UY6YV5JTnsEQaROlC4=",
        "owner": "nixos",
        "repo": "nixpkgs",
        "rev": "e32a63389adb6ee017f8b344e21c80432bb75c10",
        "type": "github"
      },
      "original": {
        "owner": "nixos",
        "repo": "nixpkgs",
        "rev": "e32a63389adb6ee017f8b344e21c80432bb75c10",
        "type": "github"
      }
    }
  },
  "root": "root",
  "version": 7
}
